
Microsoft Visual Studio Solution File, Format Version 12.00
# Visual Studio Version 16
VisualStudioVersion = 16.0.31410.357
MinimumVisualStudioVersion = 10.0.40219.1
Project("{8BC9CEB8-8B4A-11D0-8D11-00A0C91BC942}") = "BotController", "BotController\BotController.vcxproj", "{DDC121FC-3483-4D44-98B4-CF71E06AD93D}"
EndProject
Project("{8BC9CEB8-8B4A-11D0-8D11-00A0C91BC942}") = "HumanRobot", "HumanRobot\HumanRobot.vcxproj", "{722E5181-F3C1-47D2-B332-8677024031A2}"
EndProject
Global
	GlobalSection(SolutionConfigurationPlatforms) = preSolution
		Debug|x64 = Debug|x64
		Debug|x86 = Debug|x86
		Release|x64 = Release|x64
		Release|x86 = Release|x86
	EndGlobalSection
	GlobalSection(ProjectConfigurationPlatforms) = postSolution
		{DDC121FC-3483-4D44-98B4-CF71E06AD93D}.Debug|x64.ActiveCfg = Debug|x64
		{DDC121FC-3483-4D44-98B4-CF71E06AD93D}.Debug|x64.Build.0 = Debug|x64
		{DDC121FC-3483-4D44-98B4-CF71E06AD93D}.Debug|x86.ActiveCfg = Debug|Win32
		{DDC121FC-3483-4D44-98B4-CF71E06AD93D}.Debug|x86.Build.0 = Debug|Win32
		{DDC121FC-3483-4D44-98B4-CF71E06AD93D}.Release|x64.ActiveCfg = Release|x64
		{DDC121FC-3483-4D44-98B4-CF71E06AD93D}.Release|x64.Build.0 = Release|x64
		{DDC121FC-3483-4D44-98B4-CF71E06AD93D}.Release|x86.ActiveCfg = Release|Win32
		{DDC121FC-3483-4D44-98B4-CF71E06AD93D}.Release|x86.Build.0 = Release|Win32
		{722E5181-F3C1-47D2-B332-8677024031A2}.Debug|x64.ActiveCfg = Debug|x64
		{722E5181-F3C1-47D2-B332-8677024031A2}.Debug|x64.Build.0 = Debug|x64
		{722E5181-F3C1-47D2-B332-8677024031A2}.Debug|x86.ActiveCfg = Debug|Win32
		{722E5181-F3C1-47D2-B332-8677024031A2}.Debug|x86.Build.0 = Debug|Win32
		{722E5181-F3C1-47D2-B332-8677024031A2}.Release|x64.ActiveCfg = Release|x64
		{722E5181-F3C1-47D2-B332-8677024031A2}.Release|x64.Build.0 = Release|x64
		{722E5181-F3C1-47D2-B332-8677024031A2}.Release|x86.ActiveCfg = Release|Win32
		{722E5181-F3C1-47D2-B332-8677024031A2}.Release|x86.Build.0 = Release|Win32
	EndGlobalSection
	GlobalSection(SolutionProperties) = preSolution
		HideSolutionNode = FALSE
	EndGlobalSection
	GlobalSection(ExtensibilityGlobals) = postSolution
		SolutionGuid = {24E655A2-7562-4AD8-954A-CD0DC16A4C71}
	EndGlobalSection
EndGlobal
